
Microsoft Visual Studio Solution File, Format Version 12.00
# Visual Studio 2013
VisualStudioVersion = 12.0.30723.0
MinimumVisualStudioVersion = 10.0.40219.1
Project("{FAE04EC0-301F-11D3-BF4B-00C04F79EFBC}") = "TriTracker.Model", "TriTracker.Model\TriTracker.Model.csproj", "{F88D017B-D935-4FCC-BD5A-14F663C269BA}"
EndProject
Project("{FAE04EC0-301F-11D3-BF4B-00C04F79EFBC}") = "TriTracker.Web", "TriTracker.Web\TriTracker.Web.csproj", "{B89ACF13-991F-46C6-B6D5-CCB6A10DDB51}"
EndProject
Global
	GlobalSection(SolutionConfigurationPlatforms) = preSolution
		Debug|Any CPU = Debug|Any CPU
		Release|Any CPU = Release|Any CPU
	EndGlobalSection
	GlobalSection(ProjectConfigurationPlatforms) = postSolution
		{F88D017B-D935-4FCC-BD5A-14F663C269BA}.Debug|Any CPU.ActiveCfg = Debug|Any CPU
		{F88D017B-D935-4FCC-BD5A-14F663C269BA}.Debug|Any CPU.Build.0 = Debug|Any CPU
		{F88D017B-D935-4FCC-BD5A-14F663C269BA}.Release|Any CPU.ActiveCfg = Release|Any CPU
		{F88D017B-D935-4FCC-BD5A-14F663C269BA}.Release|Any CPU.Build.0 = Release|Any CPU
		{B89ACF13-991F-46C6-B6D5-CCB6A10DDB51}.Debug|Any CPU.ActiveCfg = Debug|Any CPU
		{B89ACF13-991F-46C6-B6D5-CCB6A10DDB51}.Debug|Any CPU.Build.0 = Debug|Any CPU
		{B89ACF13-991F-46C6-B6D5-CCB6A10DDB51}.Release|Any CPU.ActiveCfg = Release|Any CPU
		{B89ACF13-991F-46C6-B6D5-CCB6A10DDB51}.Release|Any CPU.Build.0 = Release|Any CPU
	EndGlobalSection
	GlobalSection(SolutionProperties) = preSolution
		HideSolutionNode = FALSE
	EndGlobalSection
EndGlobal
